
Microsoft Visual Studio Solution File, Format Version 12.00
# Visual Studio Version 17
VisualStudioVersion = 17.1.32210.238
MinimumVisualStudioVersion = 10.0.40219.1
Project("{FAE04EC0-301F-11D3-BF4B-00C04F79EFBC}") = "PersonProject", "PersonProject\PersonProject.csproj", "{BB163C75-4800-4484-B148-F7031EB69510}"
EndProject
Global
	GlobalSection(SolutionConfigurationPlatforms) = preSolution
		Debug|Any CPU = Debug|Any CPU
		Release|Any CPU = Release|Any CPU
	EndGlobalSection
	GlobalSection(ProjectConfigurationPlatforms) = postSolution
		{BB163C75-4800-4484-B148-F7031EB69510}.Debug|Any CPU.ActiveCfg = Debug|Any CPU
		{BB163C75-4800-4484-B148-F7031EB69510}.Debug|Any CPU.Build.0 = Debug|Any CPU
		{BB163C75-4800-4484-B148-F7031EB69510}.Release|Any CPU.ActiveCfg = Release|Any CPU
		{BB163C75-4800-4484-B148-F7031EB69510}.Release|Any CPU.Build.0 = Release|Any CPU
	EndGlobalSection
	GlobalSection(SolutionProperties) = preSolution
		HideSolutionNode = FALSE
	EndGlobalSection
	GlobalSection(ExtensibilityGlobals) = postSolution
		SolutionGuid = {5AEA3A4D-2CEB-4704-9CCA-E2A4F1BA8640}
	EndGlobalSection
EndGlobal
